Microsoft Visual Studio Solution File, Format Version 12.00
# Visual Studio Version 17
VisualStudioVersion = 17.5.2.0
MinimumVisualStudioVersion = 10.0.40219.1
Project("{FAE04EC0-301F-11D3-BF4B-00C04F79EFBC}") = "CLIVersion", "CLIVersion.csproj", "{BA6D00FD-C7C7-ADF3-C15E-460AEFB331DB}"
EndProject
Global
	GlobalSection(SolutionConfigurationPlatforms) = preSolution
		Debug|Any CPU = Debug|Any CPU
		Release|Any CPU = Release|Any CPU
	EndGlobalSection
	GlobalSection(ProjectConfigurationPlatforms) = postSolution
		{BA6D00FD-C7C7-ADF3-C15E-460AEFB331DB}.Debug|Any CPU.ActiveCfg = Debug|Any CPU
		{BA6D00FD-C7C7-ADF3-C15E-460AEFB331DB}.Debug|Any CPU.Build.0 = Debug|Any CPU
		{BA6D00FD-C7C7-ADF3-C15E-460AEFB331DB}.Release|Any CPU.ActiveCfg = Release|Any CPU
		{BA6D00FD-C7C7-ADF3-C15E-460AEFB331DB}.Release|Any CPU.Build.0 = Release|Any CPU
	EndGlobalSection
	GlobalSection(SolutionProperties) = preSolution
		HideSolutionNode = FALSE
	EndGlobalSection
	GlobalSection(ExtensibilityGlobals) = postSolution
		SolutionGuid = {636CAA0F-CF65-45E1-9588-B6F86DC14908}
	EndGlobalSection
EndGlobal
